
Microsoft Visual Studio Solution File, Format Version 12.00
Project("{FAE04EC0-301F-11D3-BF4B-00C04F79EFBC}") = "Rseg.Mvvm.Examples.CommandContext", "Rseg.Mvvm.Examples.CommandContext\Rseg.Mvvm.Examples.CommandContext.csproj", "{4E989195-4427-4267-B77C-33A6BC1B9B9C}"
EndProject
Global
	GlobalSection(SolutionConfigurationPlatforms) = preSolution
		Debug|Any CPU = Debug|Any CPU
		Release|Any CPU = Release|Any CPU
	EndGlobalSection
	GlobalSection(ProjectConfigurationPlatforms) = postSolution
		{4E989195-4427-4267-B77C-33A6BC1B9B9C}.Debug|Any CPU.ActiveCfg = Debug|Any CPU
		{4E989195-4427-4267-B77C-33A6BC1B9B9C}.Debug|Any CPU.Build.0 = Debug|Any CPU
		{4E989195-4427-4267-B77C-33A6BC1B9B9C}.Release|Any CPU.ActiveCfg = Release|Any CPU
		{4E989195-4427-4267-B77C-33A6BC1B9B9C}.Release|Any CPU.Build.0 = Release|Any CPU
	EndGlobalSection
EndGlobal
